// !$*UTF8*$!
{
	archiveVersion = 1;
	classes = {
	};
	objectVersion = 46;
	objects = {

/* Begin PBXBuildFile section */
		C199CC501CBA0F3300772026 /* JSONRPCLite.h in Headers */ = {isa = PBXBuildFile; fileRef = C199CC4F1CBA0F3300772026 /* JSONRPCLite.h */; settings = {ATTRIBUTES = (Public, ); }; };
		C199CC571CBA0F3300772026 /* JSONRPCLite.framework in Frameworks */ = {isa = PBXBuildFile; fileRef = C199CC4C1CBA0F3300772026 /* JSONRPCLite.framework */; };
		C199CC5C1CBA0F3300772026 /* JSONRPCLiteTests.swift in Sources */ = {isa = PBXBuildFile; fileRef = C199CC5B1CBA0F3300772026 /* JSONRPCLiteTests.swift */; };
/* End PBXBuildFile section */

/* Begin PBXContainerItemProxy section */
		C199CC581CBA0F3300772026 /* PBXContainerItemProxy */ = {
			isa = PBXContainerItemProxy;
			containerPortal = C199CC431CBA0F3300772026 /* Project object */;
			proxyType = 1;
			remoteGlobalIDString = C199CC4B1CBA0F3300772026;
			remoteInfo = JSONRPCLite;
		};
/* End PBXContainerItemProxy section */

/* Begin PBXFileReference section */
		C199CC4C1CBA0F3300772026 /* JSONRPCLite.framework */ = {isa = PBXFileReference; explicitFileType = wrapper.framework; includeInIndex = 0; path = JSONRPCLite.framework; sourceTree = BUILT_PRODUCTS_DIR; };
		C199CC4F1CBA0F3300772026 /* JSONRPCLite.h */ = {isa = PBXFileReference; lastKnownFileType = sourcecode.c.h; path = JSONRPCLite.h; sourceTree = "<group>"; };
		C199CC511CBA0F3300772026 /* Info.plist */ = {isa = PBXFileReference; lastKnownFileType = text.plist.xml; path = Info.plist; sourceTree = "<group>"; };
		C199CC561CBA0F3300772026 /* JSONRPCLiteTests.xctest */ = {isa = PBXFileReference; explicitFileType = wrapper.cfbundle; includeInIndex = 0; path = JSONRPCLiteTests.xctest; sourceTree = BUILT_PRODUCTS_DIR; };
		C199CC5B1CBA0F3300772026 /* JSONRPCLiteTests.swift */ = {isa = PBXFileReference; lastKnownFileType = sourcecode.swift; path = JSONRPCLiteTests.swift; sourceTree = "<group>"; };
		C199CC5D1CBA0F3300772026 /* Info.plist */ = {isa = PBXFileReference; lastKnownFileType = text.plist.xml; path = Info.plist; sourceTree = "<group>"; };
/* End PBXFileReference section */

/* Begin PBXFrameworksBuildPhase section */
		C199CC481CBA0F3300772026 /* Frameworks */ = {
			isa = PBXFrameworksBuildPhase;
			buildActionMask = 2147483647;
			files = (
			);
			runOnlyForDeploymentPostprocessing = 0;
		};
		C199CC531CBA0F3300772026 /* Frameworks */ = {
			isa = PBXFrameworksBuildPhase;
			buildActionMask = 2147483647;
			files = (
				C199CC571CBA0F3300772026 /* JSONRPCLite.framework in Frameworks */,
			);
			runOnlyForDeploymentPostprocessing = 0;
		};
/* End PBXFrameworksBuildPhase section */

/* Begin PBXGroup section */
		C199CC421CBA0F3300772026 = {
			isa = PBXGroup;
			children = (
				C199CC4E1CBA0F3300772026 /* JSONRPCLite */,
				C199CC5A1CBA0F3300772026 /* JSONRPCLiteTests */,
				C199CC4D1CBA0F3300772026 /* Products */,
			);
			sourceTree = "<group>";
		};
		C199CC4D1CBA0F3300772026 /* Products */ = {
			isa = PBXGroup;
			children = (
				C199CC4C1CBA0F3300772026 /* JSONRPCLite.framework */,
				C199CC561CBA0F3300772026 /* JSONRPCLiteTests.xctest */,
			);
			name = Products;
			sourceTree = "<group>";
		};
		C199CC4E1CBA0F3300772026 /* JSONRPCLite */ = {
			isa = PBXGroup;
			children = (
				C199CC4F1CBA0F3300772026 /* JSONRPCLite.h */,
				C199CC511CBA0F3300772026 /* Info.plist */,
			);
			path = JSONRPCLite;
			sourceTree = "<group>";
		};
		C199CC5A1CBA0F3300772026 /* JSONRPCLiteTests */ = {
			isa = PBXGroup;
			children = (
				C199CC5B1CBA0F3300772026 /* JSONRPCLiteTests.swift */,
				C199CC5D1CBA0F3300772026 /* Info.plist */,
			);
			path = JSONRPCLiteTests;
			sourceTree = "<group>";
		};
/* End PBXGroup section */

/* Begin PBXHeadersBuildPhase section */
		C199CC491CBA0F3300772026 /* Headers */ = {
			isa = PBXHeadersBuildPhase;
			buildActionMask = 2147483647;
			files = (
				C199CC501CBA0F3300772026 /* JSONRPCLite.h in Headers */,
			);
			runOnlyForDeploymentPostprocessing = 0;
		};
/* End PBXHeadersBuildPhase section */

/* Begin PBXNativeTarget section */
		C199CC4B1CBA0F3300772026 /* JSONRPCLite */ = {
			isa = PBXNativeTarget;
			buildConfigurationList = C199CC601CBA0F3300772026 /* Build configuration list for PBXNativeTarget "JSONRPCLite" */;
			buildPhases = (
				C199CC471CBA0F3300772026 /* Sources */,
				C199CC481CBA0F3300772026 /* Frameworks */,
				C199CC491CBA0F3300772026 /* Headers */,
				C199CC4A1CBA0F3300772026 /* Resources */,
			);
			buildRules = (
			);
			dependencies = (
			);
			name = JSONRPCLite;
			productName = JSONRPCLite;
			productReference = C199CC4C1CBA0F3300772026 /* JSONRPCLite.framework */;
			productType = "com.apple.product-type.framework";
		};
		C199CC551CBA0F3300772026 /* JSONRPCLiteTests */ = {
			isa = PBXNativeTarget;
			buildConfigurationList = C199CC631CBA0F3300772026 /* Build configuration list for PBXNativeTarget "JSONRPCLiteTests" */;
			buildPhases = (
				C199CC521CBA0F3300772026 /* Sources */,
				C199CC531CBA0F3300772026 /* Frameworks */,
				C199CC541CBA0F3300772026 /* Resources */,
			);
			buildRules = (
			);
			dependencies = (
				C199CC591CBA0F3300772026 /* PBXTargetDependency */,
			);
			name = JSONRPCLiteTests;
			productName = JSONRPCLiteTests;
			productReference = C199CC561CBA0F3300772026 /* JSONRPCLiteTests.xctest */;
			productType = "com.apple.product-type.bundle.unit-test";
		};
/* End PBXNativeTarget section */

/* Begin PBXProject section */
		C199CC431CBA0F3300772026 /* Project object */ = {
			isa = PBXProject;
			attributes = {
				LastSwiftUpdateCheck = 0720;
				LastUpgradeCheck = 0720;
				ORGANIZATIONNAME = "Avijit Vishen";
				TargetAttributes = {
					C199CC4B1CBA0F3300772026 = {
						CreatedOnToolsVersion = 7.2.1;
						DevelopmentTeam = R7486867KT;
					};
					C199CC551CBA0F3300772026 = {
						CreatedOnToolsVersion = 7.2.1;
						DevelopmentTeam = R7486867KT;
					};
				};
			};
			buildConfigurationList = C199CC461CBA0F3300772026 /* Build configuration list for PBXProject "JSONRPCLite" */;
			compatibilityVersion = "Xcode 3.2";
			developmentRegion = English;
			hasScannedForEncodings = 0;
			knownRegions = (
				en,
			);
			mainGroup = C199CC421CBA0F3300772026;
			productRefGroup = C199CC4D1CBA0F3300772026 /* Products */;
			projectDirPath = "";
			projectRoot = "";
			targets = (
				C199CC4B1CBA0F3300772026 /* JSONRPCLite */,
				C199CC551CBA0F3300772026 /* JSONRPCLiteTests */,
			);
		};
/* End PBXProject section */

/* Begin PBXResourcesBuildPhase section */
		C199CC4A1CBA0F3300772026 /* Resources */ = {
			isa = PBXResourcesBuildPhase;
			buildActionMask = 2147483647;
			files = (
			);
			runOnlyForDeploymentPostprocessing = 0;
		};
		C199CC541CBA0F3300772026 /* Resources */ = {
			isa = PBXResourcesBuildPhase;
			buildActionMask = 2147483647;
			files = (
			);
			runOnlyForDeploymentPostprocessing = 0;
		};
/* End PBXResourcesBuildPhase section */

/* Begin PBXSourcesBuildPhase section */
		C199CC471CBA0F3300772026 /* Sources */ = {
			isa = PBXSourcesBuildPhase;
			buildActionMask = 2147483647;
			files = (
			);
			runOnlyForDeploymentPostprocessing = 0;
		};
		C199CC521CBA0F3300772026 /* Sources */ = {
			isa = PBXSourcesBuildPhase;
			buildActionMask = 2147483647;
			files = (
				C199CC5C1CBA0F3300772026 /* JSONRPCLiteTests.swift in Sources */,
			);
			runOnlyForDeploymentPostprocessing = 0;
		};
/* End PBXSourcesBuildPhase section */

/* Begin PBXTargetDependency section */
		C199CC591CBA0F3300772026 /* PBXTargetDependency */ = {
			isa = PBXTargetDependency;
			target = C199CC4B1CBA0F3300772026 /* JSONRPCLite */;
			targetProxy = C199CC581CBA0F3300772026 /* PBXContainerItemProxy */;
		};
/* End PBXTargetDependency section */

/* Begin XCBuildConfiguration section */
		C199CC5E1CBA0F3300772026 /* Debug */ = {
			isa = XCBuildConfiguration;
			buildSettings = {
				ALWAYS_SEARCH_USER_PATHS = NO;
				CLANG_CXX_LANGUAGE_STANDARD = "gnu++0x";
				CLANG_CXX_LIBRARY = "libc++";
				CLANG_ENABLE_MODULES = YES;
				CLANG_ENABLE_OBJC_ARC = YES;
				CLANG_WARN_BOOL_CONVERSION = YES;
				CLANG_WARN_CONSTANT_CONVERSION = YES;
				CLANG_WARN_DIRECT_OBJC_ISA_USAGE = YES_ERROR;
				CLANG_WARN_EMPTY_BODY = YES;
				CLANG_WARN_ENUM_CONVERSION = YES;
				CLANG_WARN_INT_CONVERSION = YES;
				CLANG_WARN_OBJC_ROOT_CLASS = YES_ERROR;
				CLANG_WARN_UNREACHABLE_CODE = YES;
				CLANG_WARN__DUPLICATE_METHOD_MATCH = YES;
				"CODE_SIGN_IDENTITY[sdk=iphoneos*]" = "iPhone Developer";
				COPY_PHASE_STRIP = NO;
				CURRENT_PROJECT_VERSION = 1;
				DEBUG_INFORMATION_FORMAT = dwarf;
				ENABLE_STRICT_OBJC_MSGSEND = YES;
				ENABLE_TESTABILITY = YES;
				GCC_C_LANGUAGE_STANDARD = gnu99;
				GCC_DYNAMIC_NO_PIC = NO;
				GCC_NO_COMMON_BLOCKS = YES;
				GCC_OPTIMIZATION_LEVEL = 0;
				GCC_PREPROCESSOR_DEFINITIONS = (
					"DEBUG=1",
					"$(inherited)",
				);
				GCC_WARN_64_TO_32_BIT_CONVERSION = YES;
				GCC_WARN_ABOUT_RETURN_TYPE = YES_ERROR;
				GCC_WARN_UNDECLARED_SELECTOR = YES;
				GCC_WARN_UNINITIALIZED_AUTOS = YES_AGGRESSIVE;
				GCC_WARN_UNUSED_FUNCTION = YES;
				GCC_WARN_UNUSED_VARIABLE = YES;
				IPHONEOS_DEPLOYMENT_TARGET = 9.2;
				MTL_ENABLE_DEBUG_INFO = YES;
				ONLY_ACTIVE_ARCH = YES;
				SDKROOT = iphoneos;
				SWIFT_OPTIMIZATION_LEVEL = "-Onone";
				TARGETED_DEVICE_FAMILY = "1,2";
				VERSIONING_SYSTEM = "apple-generic";
				VERSION_INFO_PREFIX = "";
			};
			name = Debug;
		};
		C199CC5F1CBA0F3300772026 /* Release */ = {
			isa = XCBuildConfiguration;
			buildSettings = {
				ALWAYS_SEARCH_USER_PATHS = NO;
				CLANG_CXX_LANGUAGE_STANDARD = "gnu++0x";
				CLANG_CXX_LIBRARY = "libc++";
				CLANG_ENABLE_MODULES = YES;
				CLANG_ENABLE_OBJC_ARC = YES;
				CLANG_WARN_BOOL_CONVERSION = YES;
				CLANG_WARN_CONSTANT_CONVERSION = YES;
				CLANG_WARN_DIRECT_OBJC_ISA_USAGE = YES_ERROR;
				CLANG_WARN_EMPTY_BODY = YES;
				CLANG_WARN_ENUM_CONVERSION = YES;
				CLANG_WARN_INT_CONVERSION = YES;
				CLANG_WARN_OBJC_ROOT_CLASS = YES_ERROR;
				CLANG_WARN_UNREACHABLE_CODE = YES;
				CLANG_WARN__DUPLICATE_METHOD_MATCH = YES;
				"CODE_SIGN_IDENTITY[sdk=iphoneos*]" = "iPhone Developer";
				COPY_PHASE_STRIP = NO;
				CURRENT_PROJECT_VERSION = 1;
				DEBUG_INFORMATION_FORMAT = "dwarf-with-dsym";
				ENABLE_NS_ASSERTIONS = NO;
				ENABLE_STRICT_OBJC_MSGSEND = YES;
				GCC_C_LANGUAGE_STANDARD = gnu99;
				GCC_NO_COMMON_BLOCKS = YES;
				GCC_WARN_64_TO_32_BIT_CONVERSION = YES;
				GCC_WARN_ABOUT_RETURN_TYPE = YES_ERROR;
				GCC_WARN_UNDECLARED_SELECTOR = YES;
				GCC_WARN_UNINITIALIZED_AUTOS = YES_AGGRESSIVE;
				GCC_WARN_UNUSED_FUNCTION = YES;
				GCC_WARN_UNUSED_VARIABLE = YES;
				IPHONEOS_DEPLOYMENT_TARGET = 9.2;
				MTL_ENABLE_DEBUG_INFO = NO;
				SDKROOT = iphoneos;
				TARGETED_DEVICE_FAMILY = "1,2";
				VALIDATE_PRODUCT = YES;
				VERSIONING_SYSTEM = "apple-generic";
				VERSION_INFO_PREFIX = "";
			};
			name = Release;
		};
		C199CC611CBA0F3300772026 /* Debug */ = {
			isa = XCBuildConfiguration;
			buildSettings = {
				DEFINES_MODULE = YES;
				DYLIB_COMPATIBILITY_VERSION = 1;
				DYLIB_CURRENT_VERSION = 1;
				DYLIB_INSTALL_NAME_BASE = "@rpath";
				INFOPLIST_FILE = JSONRPCLite/Info.plist;
				INSTALL_PATH = "$(LOCAL_LIBRARY_DIR)/Frameworks";
				LD_RUNPATH_SEARCH_PATHS = "$(inherited) @executable_path/Frameworks @loader_path/Frameworks";
				PRODUCT_BUNDLE_IDENTIFIER = edu.asu.msse.avishen.JSONRPCLite;
				PRODUCT_NAME = "$(TARGET_NAME)";
				SKIP_INSTALL = YES;
			};
			name = Debug;
		};
		C199CC621CBA0F3300772026 /* Release */ = {
			isa = XCBuildConfiguration;
			buildSettings = {
				DEFINES_MODULE = YES;
				DYLIB_COMPATIBILITY_VERSION = 1;
				DYLIB_CURRENT_VERSION = 1;
				DYLIB_INSTALL_NAME_BASE = "@rpath";
				INFOPLIST_FILE = JSONRPCLite/Info.plist;
				INSTALL_PATH = "$(LOCAL_LIBRARY_DIR)/Frameworks";
				LD_RUNPATH_SEARCH_PATHS = "$(inherited) @executable_path/Frameworks @loader_path/Frameworks";
				PRODUCT_BUNDLE_IDENTIFIER = edu.asu.msse.avishen.JSONRPCLite;
				PRODUCT_NAME = "$(TARGET_NAME)";
				SKIP_INSTALL = YES;
			};
			name = Release;
		};
		C199CC641CBA0F3300772026 /* Debug */ = {
			isa = XCBuildConfiguration;
			buildSettings = {
				INFOPLIST_FILE = JSONRPCLiteTests/Info.plist;
				LD_RUNPATH_SEARCH_PATHS = "$(inherited) @executable_path/Frameworks @loader_path/Frameworks";
				PRODUCT_BUNDLE_IDENTIFIER = edu.asu.msse.avishen.JSONRPCLiteTests;
				PRODUCT_NAME = "$(TARGET_NAME)";
			};
			name = Debug;
		};
		C199CC651CBA0F3300772026 /* Release */ = {
			isa = XCBuildConfiguration;
			buildSettings = {
				INFOPLIST_FILE = JSONRPCLiteTests/Info.plist;
				LD_RUNPATH_SEARCH_PATHS = "$(inherited) @executable_path/Frameworks @loader_path/Frameworks";
				PRODUCT_BUNDLE_IDENTIFIER = edu.asu.msse.avishen.JSONRPCLiteTests;
				PRODUCT_NAME = "$(TARGET_NAME)";
			};
			name = Release;
		};
/* End XCBuildConfiguration section */

/* Begin XCConfigurationList section */
		C199CC461CBA0F3300772026 /* Build configuration list for PBXProject "JSONRPCLite" */ = {
			isa = XCConfigurationList;
			buildConfigurations = (
				C199CC5E1CBA0F3300772026 /* Debug */,
				C199CC5F1CBA0F3300772026 /* Release */,
			);
			defaultConfigurationIsVisible = 0;
			defaultConfigurationName = Release;
		};
		C199CC601CBA0F3300772026 /* Build configuration list for PBXNativeTarget "JSONRPCLite" */ = {
			isa = XCConfigurationList;
			buildConfigurations = (
				C199CC611CBA0F3300772026 /* Debug */,
				C199CC621CBA0F3300772026 /* Release */,
			);
			defaultConfigurationIsVisible = 0;
		};
		C199CC631CBA0F3300772026 /* Build configuration list for PBXNativeTarget "JSONRPCLiteTests" */ = {
			isa = XCConfigurationList;
			buildConfigurations = (
				C199CC641CBA0F3300772026 /* Debug */,
				C199CC651CBA0F3300772026 /* Release */,
			);
			defaultConfigurationIsVisible = 0;
		};
/* End XCConfigurationList section */
	};
	rootObject = C199CC431CBA0F3300772026 /* Project object */;
}
